// !$*UTF8*$!
{
	archiveVersion = 1;
	classes = {
	};
	objectVersion = 46;
	objects = {

/* Begin PBXBuildFile section */
		4E6A95A91AB6731900205BA9 /* PlaySoundsViewController.swift in Sources */ = {isa = PBXBuildFile; fileRef = 4E6A95A81AB6731900205BA9 /* PlaySoundsViewController.swift */; };
		4E6A95AD1AB6A8E600205BA9 /* movie_quote.mp3 in Resources */ = {isa = PBXBuildFile; fileRef = 4E6A95AC1AB6A8E600205BA9 /* movie_quote.mp3 */; };
		4E7C3FEC1AAEA8AA00E806FC /* AppDelegate.swift in Sources */ = {isa = PBXBuildFile; fileRef = 4E7C3FEB1AAEA8AA00E806FC /* AppDelegate.swift */; };
		4E7C3FEE1AAEA8AA00E806FC /* RecordSoundsViewController.swift in Sources */ = {isa = PBXBuildFile; fileRef = 4E7C3FED1AAEA8AA00E806FC /* RecordSoundsViewController.swift */; };
		4E7C3FF11AAEA8AA00E806FC /* Main.storyboard in Resources */ = {isa = PBXBuildFile; fileRef = 4E7C3FEF1AAEA8AA00E806FC /* Main.storyboard */; };
		4E7C3FF31AAEA8AA00E806FC /* Images.xcassets in Resources */ = {isa = PBXBuildFile; fileRef = 4E7C3FF21AAEA8AA00E806FC /* Images.xcassets */; };
		4E7C3FF61AAEA8AA00E806FC /* LaunchScreen.xib in Resources */ = {isa = PBXBuildFile; fileRef = 4E7C3FF41AAEA8AA00E806FC /* LaunchScreen.xib */; };
		4E7C40021AAEA8AA00E806FC /* Pitch_PerfectTests.swift in Sources */ = {isa = PBXBuildFile; fileRef = 4E7C40011AAEA8AA00E806FC /* Pitch_PerfectTests.swift */; };
		4EB774E41ACCDEBD0000FC30 /* RecordedAudio.swift in Sources */ = {isa = PBXBuildFile; fileRef = 4EB774E31ACCDEBD0000FC30 /* RecordedAudio.swift */; };
/* End PBXBuildFile section */

/* Begin PBXContainerItemProxy section */
		4E7C3FFC1AAEA8AA00E806FC /* PBXContainerItemProxy */ = {
			isa = PBXContainerItemProxy;
			containerPortal = 4E7C3FDE1AAEA8AA00E806FC /* Project object */;
			proxyType = 1;
			remoteGlobalIDString = 4E7C3FE51AAEA8AA00E806FC;
			remoteInfo = "Pitch Perfect";
		};
/* End PBXContainerItemProxy section */

/* Begin PBXFileReference section */
		4E6A95A81AB6731900205BA9 /* PlaySoundsViewController.swift */ = {isa = PBXFileReference; fileEncoding = 4; lastKnownFileType = sourcecode.swift; path = PlaySoundsViewController.swift; sourceTree = "<group>"; };
		4E6A95AC1AB6A8E600205BA9 /* movie_quote.mp3 */ = {isa = PBXFileReference; lastKnownFileType = audio.mp3; path = movie_quote.mp3; sourceTree = "<group>"; };
		4E7C3FE61AAEA8AA00E806FC /* Pitch Perfect.app */ = {isa = PBXFileReference; explicitFileType = wrapper.application; includeInIndex = 0; path = "Pitch Perfect.app"; sourceTree = BUILT_PRODUCTS_DIR; };
		4E7C3FEA1AAEA8AA00E806FC /* Info.plist */ = {isa = PBXFileReference; lastKnownFileType = text.plist.xml; path = Info.plist; sourceTree = "<group>"; };
		4E7C3FEB1AAEA8AA00E806FC /* AppDelegate.swift */ = {isa = PBXFileReference; lastKnownFileType = sourcecode.swift; path = AppDelegate.swift; sourceTree = "<group>"; };
		4E7C3FED1AAEA8AA00E806FC /* RecordSoundsViewController.swift */ = {isa = PBXFileReference; lastKnownFileType = sourcecode.swift; path = RecordSoundsViewController.swift; sourceTree = "<group>"; };
		4E7C3FF01AAEA8AA00E806FC /* Base */ = {isa = PBXFileReference; lastKnownFileType = file.storyboard; name = Base; path = Base.lproj/Main.storyboard; sourceTree = "<group>"; };
		4E7C3FF21AAEA8AA00E806FC /* Images.xcassets */ = {isa = PBXFileReference; lastKnownFileType = folder.assetcatalog; path = Images.xcassets; sourceTree = "<group>"; };
		4E7C3FF51AAEA8AA00E806FC /* Base */ = {isa = PBXFileReference; lastKnownFileType = file.xib; name = Base; path = Base.lproj/LaunchScreen.xib; sourceTree = "<group>"; };
		4E7C3FFB1AAEA8AA00E806FC /* Pitch PerfectTests.xctest */ = {isa = PBXFileReference; explicitFileType = wrapper.cfbundle; includeInIndex = 0; path = "Pitch PerfectTests.xctest"; sourceTree = BUILT_PRODUCTS_DIR; };
		4E7C40001AAEA8AA00E806FC /* Info.plist */ = {isa = PBXFileReference; lastKnownFileType = text.plist.xml; path = Info.plist; sourceTree = "<group>"; };
		4E7C40011AAEA8AA00E806FC /* Pitch_PerfectTests.swift */ = {isa = PBXFileReference; lastKnownFileType = sourcecode.swift; path = Pitch_PerfectTests.swift; sourceTree = "<group>"; };
		4EB774E31ACCDEBD0000FC30 /* RecordedAudio.swift */ = {isa = PBXFileReference; fileEncoding = 4; lastKnownFileType = sourcecode.swift; path = RecordedAudio.swift; sourceTree = "<group>"; };
/* End PBXFileReference section */

/* Begin PBXFrameworksBuildPhase section */
		4E7C3FE31AAEA8AA00E806FC /* Frameworks */ = {
			isa = PBXFrameworksBuildPhase;
			buildActionMask = 2147483647;
			files = (
			);
			runOnlyForDeploymentPostprocessing = 0;
		};
		4E7C3FF81AAEA8AA00E806FC /* Frameworks */ = {
			isa = PBXFrameworksBuildPhase;
			buildActionMask = 2147483647;
			files = (
			);
			runOnlyForDeploymentPostprocessing = 0;
		};
/* End PBXFrameworksBuildPhase section */

/* Begin PBXGroup section */
		4E7C3FDD1AAEA8AA00E806FC = {
			isa = PBXGroup;
			children = (
				4E7C3FE81AAEA8AA00E806FC /* Pitch Perfect */,
				4E7C3FFE1AAEA8AA00E806FC /* Pitch PerfectTests */,
				4E7C3FE71AAEA8AA00E806FC /* Products */,
			);
			sourceTree = "<group>";
		};
		4E7C3FE71AAEA8AA00E806FC /* Products */ = {
			isa = PBXGroup;
			children = (
				4E7C3FE61AAEA8AA00E806FC /* Pitch Perfect.app */,
				4E7C3FFB1AAEA8AA00E806FC /* Pitch PerfectTests.xctest */,
			);
			name = Products;
			sourceTree = "<group>";
		};
		4E7C3FE81AAEA8AA00E806FC /* Pitch Perfect */ = {
			isa = PBXGroup;
			children = (
				4E7C3FEB1AAEA8AA00E806FC /* AppDelegate.swift */,
				4E7C3FED1AAEA8AA00E806FC /* RecordSoundsViewController.swift */,
				4EB774E31ACCDEBD0000FC30 /* RecordedAudio.swift */,
				4E7C3FEF1AAEA8AA00E806FC /* Main.storyboard */,
				4E6A95A81AB6731900205BA9 /* PlaySoundsViewController.swift */,
				4E7C3FF21AAEA8AA00E806FC /* Images.xcassets */,
				4E7C3FF41AAEA8AA00E806FC /* LaunchScreen.xib */,
				4E7C3FE91AAEA8AA00E806FC /* Supporting Files */,
			);
			path = "Pitch Perfect";
			sourceTree = "<group>";
		};
		4E7C3FE91AAEA8AA00E806FC /* Supporting Files */ = {
			isa = PBXGroup;
			children = (
				4E6A95AC1AB6A8E600205BA9 /* movie_quote.mp3 */,
				4E7C3FEA1AAEA8AA00E806FC /* Info.plist */,
			);
			name = "Supporting Files";
			sourceTree = "<group>";
		};
		4E7C3FFE1AAEA8AA00E806FC /* Pitch PerfectTests */ = {
			isa = PBXGroup;
			children = (
				4E7C40011AAEA8AA00E806FC /* Pitch_PerfectTests.swift */,
				4E7C3FFF1AAEA8AA00E806FC /* Supporting Files */,
			);
			path = "Pitch PerfectTests";
			sourceTree = "<group>";
		};
		4E7C3FFF1AAEA8AA00E806FC /* Supporting Files */ = {
			isa = PBXGroup;
			children = (
				4E7C40001AAEA8AA00E806FC /* Info.plist */,
			);
			name = "Supporting Files";
			sourceTree = "<group>";
		};
/* End PBXGroup section */

/* Begin PBXNativeTarget section */
		4E7C3FE51AAEA8AA00E806FC /* Pitch Perfect */ = {
			isa = PBXNativeTarget;
			buildConfigurationList = 4E7C40051AAEA8AA00E806FC /* Build configuration list for PBXNativeTarget "Pitch Perfect" */;
			buildPhases = (
				4E7C3FE21AAEA8AA00E806FC /* Sources */,
				4E7C3FE31AAEA8AA00E806FC /* Frameworks */,
				4E7C3FE41AAEA8AA00E806FC /* Resources */,
			);
			buildRules = (
			);
			dependencies = (
			);
			name = "Pitch Perfect";
			productName = "Pitch Perfect";
			productReference = 4E7C3FE61AAEA8AA00E806FC /* Pitch Perfect.app */;
			productType = "com.apple.product-type.application";
		};
		4E7C3FFA1AAEA8AA00E806FC /* Pitch PerfectTests */ = {
			isa = PBXNativeTarget;
			buildConfigurationList = 4E7C40081AAEA8AA00E806FC /* Build configuration list for PBXNativeTarget "Pitch PerfectTests" */;
			buildPhases = (
				4E7C3FF71AAEA8AA00E806FC /* Sources */,
				4E7C3FF81AAEA8AA00E806FC /* Frameworks */,
				4E7C3FF91AAEA8AA00E806FC /* Resources */,
			);
			buildRules = (
			);
			dependencies = (
				4E7C3FFD1AAEA8AA00E806FC /* PBXTargetDependency */,
			);
			name = "Pitch PerfectTests";
			productName = "Pitch PerfectTests";
			productReference = 4E7C3FFB1AAEA8AA00E806FC /* Pitch PerfectTests.xctest */;
			productType = "com.apple.product-type.bundle.unit-test";
		};
/* End PBXNativeTarget section */

/* Begin PBXProject section */
		4E7C3FDE1AAEA8AA00E806FC /* Project object */ = {
			isa = PBXProject;
			attributes = {
				LastUpgradeCheck = 0610;
				ORGANIZATIONNAME = Jason;
				TargetAttributes = {
					4E7C3FE51AAEA8AA00E806FC = {
						CreatedOnToolsVersion = 6.1.1;
					};
					4E7C3FFA1AAEA8AA00E806FC = {
						CreatedOnToolsVersion = 6.1.1;
						TestTargetID = 4E7C3FE51AAEA8AA00E806FC;
					};
				};
			};
			buildConfigurationList = 4E7C3FE11AAEA8AA00E806FC /* Build configuration list for PBXProject "Pitch Perfect" */;
			compatibilityVersion = "Xcode 3.2";
			developmentRegion = English;
			hasScannedForEncodings = 0;
			knownRegions = (
				en,
				Base,
			);
			mainGroup = 4E7C3FDD1AAEA8AA00E806FC;
			productRefGroup = 4E7C3FE71AAEA8AA00E806FC /* Products */;
			projectDirPath = "";
			projectRoot = "";
			targets = (
				4E7C3FE51AAEA8AA00E806FC /* Pitch Perfect */,
				4E7C3FFA1AAEA8AA00E806FC /* Pitch PerfectTests */,
			);
		};
/* End PBXProject section */

/* Begin PBXResourcesBuildPhase section */
		4E7C3FE41AAEA8AA00E806FC /* Resources */ = {
			isa = PBXResourcesBuildPhase;
			buildActionMask = 2147483647;
			files = (
				4E7C3FF11AAEA8AA00E806FC /* Main.storyboard in Resources */,
				4E7C3FF61AAEA8AA00E806FC /* LaunchScreen.xib in Resources */,
				4E6A95AD1AB6A8E600205BA9 /* movie_quote.mp3 in Resources */,
				4E7C3FF31AAEA8AA00E806FC /* Images.xcassets in Resources */,
			);
			runOnlyForDeploymentPostprocessing = 0;
		};
		4E7C3FF91AAEA8AA00E806FC /* Resources */ = {
			isa = PBXResourcesBuildPhase;
			buildActionMask = 2147483647;
			files = (
			);
			runOnlyForDeploymentPostprocessing = 0;
		};
/* End PBXResourcesBuildPhase section */

/* Begin PBXSourcesBuildPhase section */
		4E7C3FE21AAEA8AA00E806FC /* Sources */ = {
			isa = PBXSourcesBuildPhase;
			buildActionMask = 2147483647;
			files = (
				4EB774E41ACCDEBD0000FC30 /* RecordedAudio.swift in Sources */,
				4E7C3FEE1AAEA8AA00E806FC /* RecordSoundsViewController.swift in Sources */,
				4E6A95A91AB6731900205BA9 /* PlaySoundsViewController.swift in Sources */,
				4E7C3FEC1AAEA8AA00E806FC /* AppDelegate.swift in Sources */,
			);
			runOnlyForDeploymentPostprocessing = 0;
		};
		4E7C3FF71AAEA8AA00E806FC /* Sources */ = {
			isa = PBXSourcesBuildPhase;
			buildActionMask = 2147483647;
			files = (
				4E7C40021AAEA8AA00E806FC /* Pitch_PerfectTests.swift in Sources */,
			);
			runOnlyForDeploymentPostprocessing = 0;
		};
/* End PBXSourcesBuildPhase section */

/* Begin PBXTargetDependency section */
		4E7C3FFD1AAEA8AA00E806FC /* PBXTargetDependency */ = {
			isa = PBXTargetDependency;
			target = 4E7C3FE51AAEA8AA00E806FC /* Pitch Perfect */;
			targetProxy = 4E7C3FFC1AAEA8AA00E806FC /* PBXContainerItemProxy */;
		};
/* End PBXTargetDependency section */

/* Begin PBXVariantGroup section */
		4E7C3FEF1AAEA8AA00E806FC /* Main.storyboard */ = {
			isa = PBXVariantGroup;
			children = (
				4E7C3FF01AAEA8AA00E806FC /* Base */,
			);
			name = Main.storyboard;
			sourceTree = "<group>";
		};
		4E7C3FF41AAEA8AA00E806FC /* LaunchScreen.xib */ = {
			isa = PBXVariantGroup;
			children = (
				4E7C3FF51AAEA8AA00E806FC /* Base */,
			);
			name = LaunchScreen.xib;
			sourceTree = "<group>";
		};
/* End PBXVariantGroup section */

/* Begin XCBuildConfiguration section */
		4E7C40031AAEA8AA00E806FC /* Debug */ = {
			isa = XCBuildConfiguration;
			buildSettings = {
				ALWAYS_SEARCH_USER_PATHS = NO;
				CLANG_CXX_LANGUAGE_STANDARD = "gnu++0x";
				CLANG_CXX_LIBRARY = "libc++";
				CLANG_ENABLE_MODULES = YES;
				CLANG_ENABLE_OBJC_ARC = YES;
				CLANG_WARN_BOOL_CONVERSION = YES;
				CLANG_WARN_CONSTANT_CONVERSION = YES;
				CLANG_WARN_DIRECT_OBJC_ISA_USAGE = YES_ERROR;
				CLANG_WARN_EMPTY_BODY = YES;
				CLANG_WARN_ENUM_CONVERSION = YES;
				CLANG_WARN_INT_CONVERSION = YES;
				CLANG_WARN_OBJC_ROOT_CLASS = YES_ERROR;
				CLANG_WARN_UNREACHABLE_CODE = YES;
				CLANG_WARN__DUPLICATE_METHOD_MATCH = YES;
				"CODE_SIGN_IDENTITY[sdk=iphoneos*]" = "iPhone Developer";
				COPY_PHASE_STRIP = NO;
				ENABLE_STRICT_OBJC_MSGSEND = YES;
				GCC_C_LANGUAGE_STANDARD = gnu99;
				GCC_DYNAMIC_NO_PIC = NO;
				GCC_OPTIMIZATION_LEVEL = 0;
				GCC_PREPROCESSOR_DEFINITIONS = (
					"DEBUG=1",
					"$(inherited)",
				);
				GCC_SYMBOLS_PRIVATE_EXTERN = NO;
				GCC_WARN_64_TO_32_BIT_CONVERSION = YES;
				GCC_WARN_ABOUT_RETURN_TYPE = YES_ERROR;
				GCC_WARN_UNDECLARED_SELECTOR = YES;
				GCC_WARN_UNINITIALIZED_AUTOS = YES_AGGRESSIVE;
				GCC_WARN_UNUSED_FUNCTION = YES;
				GCC_WARN_UNUSED_VARIABLE = YES;
				IPHONEOS_DEPLOYMENT_TARGET = 8.1;
				MTL_ENABLE_DEBUG_INFO = YES;
				ONLY_ACTIVE_ARCH = YES;
				SDKROOT = iphoneos;
				SWIFT_OPTIMIZATION_LEVEL = "-Onone";
			};
			name = Debug;
		};
		4E7C40041AAEA8AA00E806FC /* Release */ = {
			isa = XCBuildConfiguration;
			buildSettings = {
				ALWAYS_SEARCH_USER_PATHS = NO;
				CLANG_CXX_LANGUAGE_STANDARD = "gnu++0x";
				CLANG_CXX_LIBRARY = "libc++";
				CLANG_ENABLE_MODULES = YES;
				CLANG_ENABLE_OBJC_ARC = YES;
				CLANG_WARN_BOOL_CONVERSION = YES;
				CLANG_WARN_CONSTANT_CONVERSION = YES;
				CLANG_WARN_DIRECT_OBJC_ISA_USAGE = YES_ERROR;
				CLANG_WARN_EMPTY_BODY = YES;
				CLANG_WARN_ENUM_CONVERSION = YES;
				CLANG_WARN_INT_CONVERSION = YES;
				CLANG_WARN_OBJC_ROOT_CLASS = YES_ERROR;
				CLANG_WARN_UNREACHABLE_CODE = YES;
				CLANG_WARN__DUPLICATE_METHOD_MATCH = YES;
				"CODE_SIGN_IDENTITY[sdk=iphoneos*]" = "iPhone Developer";
				COPY_PHASE_STRIP = YES;
				ENABLE_NS_ASSERTIONS = NO;
				ENABLE_STRICT_OBJC_MSGSEND = YES;
				GCC_C_LANGUAGE_STANDARD = gnu99;
				GCC_WARN_64_TO_32_BIT_CONVERSION = YES;
				GCC_WARN_ABOUT_RETURN_TYPE = YES_ERROR;
				GCC_WARN_UNDECLARED_SELECTOR = YES;
				GCC_WARN_UNINITIALIZED_AUTOS = YES_AGGRESSIVE;
				GCC_WARN_UNUSED_FUNCTION = YES;
				GCC_WARN_UNUSED_VARIABLE = YES;
				IPHONEOS_DEPLOYMENT_TARGET = 8.1;
				MTL_ENABLE_DEBUG_INFO = NO;
				SDKROOT = iphoneos;
				VALIDATE_PRODUCT = YES;
			};
			name = Release;
		};
		4E7C40061AAEA8AA00E806FC /* Debug */ = {
			isa = XCBuildConfiguration;
			buildSettings = {
				ASSETCATALOG_COMPILER_APPICON_NAME = AppIcon;
				INFOPLIST_FILE = "Pitch Perfect/Info.plist";
				LD_RUNPATH_SEARCH_PATHS = "$(inherited) @executable_path/Frameworks";
				PRODUCT_NAME = "$(TARGET_NAME)";
			};
			name = Debug;
		};
		4E7C40071AAEA8AA00E806FC /* Release */ = {
			isa = XCBuildConfiguration;
			buildSettings = {
				ASSETCATALOG_COMPILER_APPICON_NAME = AppIcon;
				INFOPLIST_FILE = "Pitch Perfect/Info.plist";
				LD_RUNPATH_SEARCH_PATHS = "$(inherited) @executable_path/Frameworks";
				PRODUCT_NAME = "$(TARGET_NAME)";
			};
			name = Release;
		};
		4E7C40091AAEA8AA00E806FC /* Debug */ = {
			isa = XCBuildConfiguration;
			buildSettings = {
				BUNDLE_LOADER = "$(TEST_HOST)";
				FRAMEWORK_SEARCH_PATHS = (
					"$(SDKROOT)/Developer/Library/Frameworks",
					"$(inherited)",
				);
				GCC_PREPROCESSOR_DEFINITIONS = (
					"DEBUG=1",
					"$(inherited)",
				);
				INFOPLIST_FILE = "Pitch PerfectTests/Info.plist";
				LD_RUNPATH_SEARCH_PATHS = "$(inherited) @executable_path/Frameworks @loader_path/Frameworks";
				PRODUCT_NAME = "$(TARGET_NAME)";
				TEST_HOST = "$(BUILT_PRODUCTS_DIR)/Pitch Perfect.app/Pitch Perfect";
			};
			name = Debug;
		};
		4E7C400A1AAEA8AA00E806FC /* Release */ = {
			isa = XCBuildConfiguration;
			buildSettings = {
				BUNDLE_LOADER = "$(TEST_HOST)";
				FRAMEWORK_SEARCH_PATHS = (
					"$(SDKROOT)/Developer/Library/Frameworks",
					"$(inherited)",
				);
				INFOPLIST_FILE = "Pitch PerfectTests/Info.plist";
				LD_RUNPATH_SEARCH_PATHS = "$(inherited) @executable_path/Frameworks @loader_path/Frameworks";
				PRODUCT_NAME = "$(TARGET_NAME)";
				TEST_HOST = "$(BUILT_PRODUCTS_DIR)/Pitch Perfect.app/Pitch Perfect";
			};
			name = Release;
		};
/* End XCBuildConfiguration section */

/* Begin XCConfigurationList section */
		4E7C3FE11AAEA8AA00E806FC /* Build configuration list for PBXProject "Pitch Perfect" */ = {
			isa = XCConfigurationList;
			buildConfigurations = (
				4E7C40031AAEA8AA00E806FC /* Debug */,
				4E7C40041AAEA8AA00E806FC /* Release */,
			);
			defaultConfigurationIsVisible = 0;
			defaultConfigurationName = Release;
		};
		4E7C40051AAEA8AA00E806FC /* Build configuration list for PBXNativeTarget "Pitch Perfect" */ = {
			isa = XCConfigurationList;
			buildConfigurations = (
				4E7C40061AAEA8AA00E806FC /* Debug */,
				4E7C40071AAEA8AA00E806FC /* Release */,
			);
			defaultConfigurationIsVisible = 0;
			defaultConfigurationName = Release;
		};
		4E7C40081AAEA8AA00E806FC /* Build configuration list for PBXNativeTarget "Pitch PerfectTests" */ = {
			isa = XCConfigurationList;
			buildConfigurations = (
				4E7C40091AAEA8AA00E806FC /* Debug */,
				4E7C400A1AAEA8AA00E806FC /* Release */,
			);
			defaultConfigurationIsVisible = 0;
			defaultConfigurationName = Release;
		};
/* End XCConfigurationList section */
	};
	rootObject = 4E7C3FDE1AAEA8AA00E806FC /* Project object */;
}
